
Microsoft Visual Studio Solution File, Format Version 12.00
# Visual Studio 15
VisualStudioVersion = 15.0.26124.0
MinimumVisualStudioVersion = 15.0.26124.0
Project("{2150E333-8FDC-42A3-9474-1A3956D46DE8}") = "src", "src", "{3A7699C9-D646-43D6-9D68-5D7C26462E67}"
EndProject
Project("{FAE04EC0-301F-11D3-BF4B-00C04F79EFBC}") = "ProjetoInterfaces", "src\ProjetoInterfaces\ProjetoInterfaces.csproj", "{B5196BBA-11EB-4C74-AEAF-CE54EA13FCF3}"
EndProject
Project("{FAE04EC0-301F-11D3-BF4B-00C04F79EFBC}") = "ProjetoConsoleApp", "src\ProjetoConsoleApp\ProjetoConsoleApp.csproj", "{F775982E-8CDB-49AC-B77E-13E566D249B2}"
EndProject
Global
	GlobalSection(SolutionConfigurationPlatforms) = preSolution
		Debug|Any CPU = Debug|Any CPU
		Debug|x64 = Debug|x64
		Debug|x86 = Debug|x86
		Release|Any CPU = Release|Any CPU
		Release|x64 = Release|x64
		Release|x86 = Release|x86
	EndGlobalSection
	GlobalSection(SolutionProperties) = preSolution
		HideSolutionNode = FALSE
	EndGlobalSection
	GlobalSection(ProjectConfigurationPlatforms) = postSolution
		{B5196BBA-11EB-4C74-AEAF-CE54EA13FCF3}.Debug|Any CPU.ActiveCfg = Debug|Any CPU
		{B5196BBA-11EB-4C74-AEAF-CE54EA13FCF3}.Debug|Any CPU.Build.0 = Debug|Any CPU
		{B5196BBA-11EB-4C74-AEAF-CE54EA13FCF3}.Debug|x64.ActiveCfg = Debug|Any CPU
		{B5196BBA-11EB-4C74-AEAF-CE54EA13FCF3}.Debug|x64.Build.0 = Debug|Any CPU
		{B5196BBA-11EB-4C74-AEAF-CE54EA13FCF3}.Debug|x86.ActiveCfg = Debug|Any CPU
		{B5196BBA-11EB-4C74-AEAF-CE54EA13FCF3}.Debug|x86.Build.0 = Debug|Any CPU
		{B5196BBA-11EB-4C74-AEAF-CE54EA13FCF3}.Release|Any CPU.ActiveCfg = Release|Any CPU
		{B5196BBA-11EB-4C74-AEAF-CE54EA13FCF3}.Release|Any CPU.Build.0 = Release|Any CPU
		{B5196BBA-11EB-4C74-AEAF-CE54EA13FCF3}.Release|x64.ActiveCfg = Release|Any CPU
		{B5196BBA-11EB-4C74-AEAF-CE54EA13FCF3}.Release|x64.Build.0 = Release|Any CPU
		{B5196BBA-11EB-4C74-AEAF-CE54EA13FCF3}.Release|x86.ActiveCfg = Release|Any CPU
		{B5196BBA-11EB-4C74-AEAF-CE54EA13FCF3}.Release|x86.Build.0 = Release|Any CPU
		{F775982E-8CDB-49AC-B77E-13E566D249B2}.Debug|Any CPU.ActiveCfg = Debug|Any CPU
		{F775982E-8CDB-49AC-B77E-13E566D249B2}.Debug|Any CPU.Build.0 = Debug|Any CPU
		{F775982E-8CDB-49AC-B77E-13E566D249B2}.Debug|x64.ActiveCfg = Debug|Any CPU
		{F775982E-8CDB-49AC-B77E-13E566D249B2}.Debug|x64.Build.0 = Debug|Any CPU
		{F775982E-8CDB-49AC-B77E-13E566D249B2}.Debug|x86.ActiveCfg = Debug|Any CPU
		{F775982E-8CDB-49AC-B77E-13E566D249B2}.Debug|x86.Build.0 = Debug|Any CPU
		{F775982E-8CDB-49AC-B77E-13E566D249B2}.Release|Any CPU.ActiveCfg = Release|Any CPU
		{F775982E-8CDB-49AC-B77E-13E566D249B2}.Release|Any CPU.Build.0 = Release|Any CPU
		{F775982E-8CDB-49AC-B77E-13E566D249B2}.Release|x64.ActiveCfg = Release|Any CPU
		{F775982E-8CDB-49AC-B77E-13E566D249B2}.Release|x64.Build.0 = Release|Any CPU
		{F775982E-8CDB-49AC-B77E-13E566D249B2}.Release|x86.ActiveCfg = Release|Any CPU
		{F775982E-8CDB-49AC-B77E-13E566D249B2}.Release|x86.Build.0 = Release|Any CPU
	EndGlobalSection
	GlobalSection(NestedProjects) = preSolution
		{B5196BBA-11EB-4C74-AEAF-CE54EA13FCF3} = {3A7699C9-D646-43D6-9D68-5D7C26462E67}
		{F775982E-8CDB-49AC-B77E-13E566D249B2} = {3A7699C9-D646-43D6-9D68-5D7C26462E67}
	EndGlobalSection
EndGlobal
